// !$*UTF8*$!
{
	archiveVersion = 1;
	classes = {
	};
	objectVersion = 50;
	objects = {

/* Begin PBXBuildFile section */
		3A49077021E817A4005CEFA6 /* CardScores.swift in Sources */ = {isa = PBXBuildFile; fileRef = 3A49076F21E817A4005CEFA6 /* CardScores.swift */; };
		4190591421E7F012003C00FC /* ScoreController.swift in Sources */ = {isa = PBXBuildFile; fileRef = 4190591321E7F011003C00FC /* ScoreController.swift */; };
		E933017B21C819200029F1A6 /* AppDelegate.swift in Sources */ = {isa = PBXBuildFile; fileRef = E933017A21C819200029F1A6 /* AppDelegate.swift */; };
		E933017D21C819200029F1A6 /* ViewController.swift in Sources */ = {isa = PBXBuildFile; fileRef = E933017C21C819200029F1A6 /* ViewController.swift */; };
		E933018021C819200029F1A6 /* Main.storyboard in Resources */ = {isa = PBXBuildFile; fileRef = E933017E21C819200029F1A6 /* Main.storyboard */; };
		E933018221C819230029F1A6 /* Assets.xcassets in Resources */ = {isa = PBXBuildFile; fileRef = E933018121C819230029F1A6 /* Assets.xcassets */; };
		E933018521C819230029F1A6 /* LaunchScreen.storyboard in Resources */ = {isa = PBXBuildFile; fileRef = E933018321C819230029F1A6 /* LaunchScreen.storyboard */; };
		E933018D21C81C350029F1A6 /* Card.swift in Sources */ = {isa = PBXBuildFile; fileRef = E933018C21C81C350029F1A6 /* Card.swift */; };
		E933018F21C81E680029F1A6 /* CardController.swift in Sources */ = {isa = PBXBuildFile; fileRef = E933018E21C81E680029F1A6 /* CardController.swift */; };
/* End PBXBuildFile section */

/* Begin PBXFileReference section */
		3A49076F21E817A4005CEFA6 /* CardScores.swift */ = {isa = PBXFileReference; lastKnownFileType = sourcecode.swift; path = CardScores.swift; sourceTree = "<group>"; };
		4190591321E7F011003C00FC /* ScoreController.swift */ = {isa = PBXFileReference; lastKnownFileType = sourcecode.swift; path = ScoreController.swift; sourceTree = "<group>"; };
		E933017721C819200029F1A6 /* DeckofOneCard.app */ = {isa = PBXFileReference; explicitFileType = wrapper.application; includeInIndex = 0; path = DeckofOneCard.app; sourceTree = BUILT_PRODUCTS_DIR; };
		E933017A21C819200029F1A6 /* AppDelegate.swift */ = {isa = PBXFileReference; lastKnownFileType = sourcecode.swift; path = AppDelegate.swift; sourceTree = "<group>"; };
		E933017C21C819200029F1A6 /* ViewController.swift */ = {isa = PBXFileReference; lastKnownFileType = sourcecode.swift; path = ViewController.swift; sourceTree = "<group>"; };
		E933017F21C819200029F1A6 /* Base */ = {isa = PBXFileReference; lastKnownFileType = file.storyboard; name = Base; path = Base.lproj/Main.storyboard; sourceTree = "<group>"; };
		E933018121C819230029F1A6 /* Assets.xcassets */ = {isa = PBXFileReference; lastKnownFileType = folder.assetcatalog; path = Assets.xcassets; sourceTree = "<group>"; };
		E933018421C819230029F1A6 /* Base */ = {isa = PBXFileReference; lastKnownFileType = file.storyboard; name = Base; path = Base.lproj/LaunchScreen.storyboard; sourceTree = "<group>"; };
		E933018621C819230029F1A6 /* Info.plist */ = {isa = PBXFileReference; lastKnownFileType = text.plist.xml; path = Info.plist; sourceTree = "<group>"; };
		E933018C21C81C350029F1A6 /* Card.swift */ = {isa = PBXFileReference; lastKnownFileType = sourcecode.swift; path = Card.swift; sourceTree = "<group>"; };
		E933018E21C81E680029F1A6 /* CardController.swift */ = {isa = PBXFileReference; lastKnownFileType = sourcecode.swift; path = CardController.swift; sourceTree = "<group>"; };
/* End PBXFileReference section */

/* Begin PBXFrameworksBuildPhase section */
		E933017421C819200029F1A6 /* Frameworks */ = {
			isa = PBXFrameworksBuildPhase;
			buildActionMask = 2147483647;
			files = (
			);
			runOnlyForDeploymentPostprocessing = 0;
		};
/* End PBXFrameworksBuildPhase section */

/* Begin PBXGroup section */
		E933016E21C819200029F1A6 = {
			isa = PBXGroup;
			children = (
				E933017921C819200029F1A6 /* DeckofOneCard */,
				E933017821C819200029F1A6 /* Products */,
				E9938D6F21E7F6130015F0D7 /* Resources */,
			);
			sourceTree = "<group>";
		};
		E933017821C819200029F1A6 /* Products */ = {
			isa = PBXGroup;
			children = (
				E933017721C819200029F1A6 /* DeckofOneCard.app */,
			);
			name = Products;
			sourceTree = "<group>";
		};
		E933017921C819200029F1A6 /* DeckofOneCard */ = {
			isa = PBXGroup;
			children = (
				E933017A21C819200029F1A6 /* AppDelegate.swift */,
				E933017E21C819200029F1A6 /* Main.storyboard */,
				E9938D6C21E7F57C0015F0D7 /* Model */,
				E9938D6D21E7F5A10015F0D7 /* Model Controller */,
				3A49076F21E817A4005CEFA6 /* CardScores.swift */,
			);
			path = DeckofOneCard;
			sourceTree = "<group>";
		};
		E9938D6C21E7F57C0015F0D7 /* Model */ = {
			isa = PBXGroup;
			children = (
				E9938D6E21E7F5D20015F0D7 /* View Controller */,
				E933018C21C81C350029F1A6 /* Card.swift */,
			);
			path = Model;
			sourceTree = "<group>";
		};
		E9938D6D21E7F5A10015F0D7 /* Model Controller */ = {
			isa = PBXGroup;
			children = (
				E933018E21C81E680029F1A6 /* CardController.swift */,
				4190591321E7F011003C00FC /* ScoreController.swift */,
			);
			path = "Model Controller";
			sourceTree = "<group>";
		};
		E9938D6E21E7F5D20015F0D7 /* View Controller */ = {
			isa = PBXGroup;
			children = (
				E933017C21C819200029F1A6 /* ViewController.swift */,
			);
			path = "View Controller";
			sourceTree = "<group>";
		};
		E9938D6F21E7F6130015F0D7 /* Resources */ = {
			isa = PBXGroup;
			children = (
				E933018121C819230029F1A6 /* Assets.xcassets */,
				E933018321C819230029F1A6 /* LaunchScreen.storyboard */,
				E933018621C819230029F1A6 /* Info.plist */,
			);
			path = Resources;
			sourceTree = "<group>";
		};
/* End PBXGroup section */

/* Begin PBXNativeTarget section */
		E933017621C819200029F1A6 /* DeckofOneCard */ = {
			isa = PBXNativeTarget;
			buildConfigurationList = E933018921C819230029F1A6 /* Build configuration list for PBXNativeTarget "DeckofOneCard" */;
			buildPhases = (
				E933017321C819200029F1A6 /* Sources */,
				E933017421C819200029F1A6 /* Frameworks */,
				E933017521C819200029F1A6 /* Resources */,
			);
			buildRules = (
			);
			dependencies = (
			);
			name = DeckofOneCard;
			productName = DeckofOneCard;
			productReference = E933017721C819200029F1A6 /* DeckofOneCard.app */;
			productType = "com.apple.product-type.application";
		};
/* End PBXNativeTarget section */

/* Begin PBXProject section */
		E933016F21C819200029F1A6 /* Project object */ = {
			isa = PBXProject;
			attributes = {
				LastSwiftUpdateCheck = 1010;
				LastUpgradeCheck = 1010;
				ORGANIZATIONNAME = "Jack Knight";
				TargetAttributes = {
					E933017621C819200029F1A6 = {
						CreatedOnToolsVersion = 10.1;
					};
				};
			};
			buildConfigurationList = E933017221C819200029F1A6 /* Build configuration list for PBXProject "DeckofOneCard" */;
			compatibilityVersion = "Xcode 9.3";
			developmentRegion = en;
			hasScannedForEncodings = 0;
			knownRegions = (
				en,
				Base,
			);
			mainGroup = E933016E21C819200029F1A6;
			productRefGroup = E933017821C819200029F1A6 /* Products */;
			projectDirPath = "";
			projectRoot = "";
			targets = (
				E933017621C819200029F1A6 /* DeckofOneCard */,
			);
		};
/* End PBXProject section */

/* Begin PBXResourcesBuildPhase section */
		E933017521C819200029F1A6 /* Resources */ = {
			isa = PBXResourcesBuildPhase;
			buildActionMask = 2147483647;
			files = (
				E933018521C819230029F1A6 /* LaunchScreen.storyboard in Resources */,
				E933018221C819230029F1A6 /* Assets.xcassets in Resources */,
				E933018021C819200029F1A6 /* Main.storyboard in Resources */,
			);
			runOnlyForDeploymentPostprocessing = 0;
		};
/* End PBXResourcesBuildPhase section */

/* Begin PBXSourcesBuildPhase section */
		E933017321C819200029F1A6 /* Sources */ = {
			isa = PBXSourcesBuildPhase;
			buildActionMask = 2147483647;
			files = (
				4190591421E7F012003C00FC /* ScoreController.swift in Sources */,
				E933017D21C819200029F1A6 /* ViewController.swift in Sources */,
				E933018F21C81E680029F1A6 /* CardController.swift in Sources */,
				E933018D21C81C350029F1A6 /* Card.swift in Sources */,
				3A49077021E817A4005CEFA6 /* CardScores.swift in Sources */,
				E933017B21C819200029F1A6 /* AppDelegate.swift in Sources */,
			);
			runOnlyForDeploymentPostprocessing = 0;
		};
/* End PBXSourcesBuildPhase section */

/* Begin PBXVariantGroup section */
		E933017E21C819200029F1A6 /* Main.storyboard */ = {
			isa = PBXVariantGroup;
			children = (
				E933017F21C819200029F1A6 /* Base */,
			);
			name = Main.storyboard;
			sourceTree = "<group>";
		};
		E933018321C819230029F1A6 /* LaunchScreen.storyboard */ = {
			isa = PBXVariantGroup;
			children = (
				E933018421C819230029F1A6 /* Base */,
			);
			name = LaunchScreen.storyboard;
			sourceTree = "<group>";
		};
/* End PBXVariantGroup section */

/* Begin XCBuildConfiguration section */
		E933018721C819230029F1A6 /* Debug */ = {
			isa = XCBuildConfiguration;
			buildSettings = {
				ALWAYS_SEARCH_USER_PATHS = NO;
				CLANG_ANALYZER_NONNULL = YES;
				CLANG_ANALYZER_NUMBER_OBJECT_CONVERSION = YES_AGGRESSIVE;
				CLANG_CXX_LANGUAGE_STANDARD = "gnu++14";
				CLANG_CXX_LIBRARY = "libc++";
				CLANG_ENABLE_MODULES = YES;
				CLANG_ENABLE_OBJC_ARC = YES;
				CLANG_ENABLE_OBJC_WEAK = YES;
				CLANG_WARN_BLOCK_CAPTURE_AUTORELEASING = YES;
				CLANG_WARN_BOOL_CONVERSION = YES;
				CLANG_WARN_COMMA = YES;
				CLANG_WARN_CONSTANT_CONVERSION = YES;
				CLANG_WARN_DEPRECATED_OBJC_IMPLEMENTATIONS = YES;
				CLANG_WARN_DIRECT_OBJC_ISA_USAGE = YES_ERROR;
				CLANG_WARN_DOCUMENTATION_COMMENTS = YES;
				CLANG_WARN_EMPTY_BODY = YES;
				CLANG_WARN_ENUM_CONVERSION = YES;
				CLANG_WARN_INFINITE_RECURSION = YES;
				CLANG_WARN_INT_CONVERSION = YES;
				CLANG_WARN_NON_LITERAL_NULL_CONVERSION = YES;
				CLANG_WARN_OBJC_IMPLICIT_RETAIN_SELF = YES;
				CLANG_WARN_OBJC_LITERAL_CONVERSION = YES;
				CLANG_WARN_OBJC_ROOT_CLASS = YES_ERROR;
				CLANG_WARN_RANGE_LOOP_ANALYSIS = YES;
				CLANG_WARN_STRICT_PROTOTYPES = YES;
				CLANG_WARN_SUSPICIOUS_MOVE = YES;
				CLANG_WARN_UNGUARDED_AVAILABILITY = YES_AGGRESSIVE;
				CLANG_WARN_UNREACHABLE_CODE = YES;
				CLANG_WARN__DUPLICATE_METHOD_MATCH = YES;
				CODE_SIGN_IDENTITY = "iPhone Developer";
				COPY_PHASE_STRIP = NO;
				DEBUG_INFORMATION_FORMAT = dwarf;
				ENABLE_STRICT_OBJC_MSGSEND = YES;
				ENABLE_TESTABILITY = YES;
				GCC_C_LANGUAGE_STANDARD = gnu11;
				GCC_DYNAMIC_NO_PIC = NO;
				GCC_NO_COMMON_BLOCKS = YES;
				GCC_OPTIMIZATION_LEVEL = 0;
				GCC_PREPROCESSOR_DEFINITIONS = (
					"DEBUG=1",
					"$(inherited)",
				);
				GCC_WARN_64_TO_32_BIT_CONVERSION = YES;
				GCC_WARN_ABOUT_RETURN_TYPE = YES_ERROR;
				GCC_WARN_UNDECLARED_SELECTOR = YES;
				GCC_WARN_UNINITIALIZED_AUTOS = YES_AGGRESSIVE;
				GCC_WARN_UNUSED_FUNCTION = YES;
				GCC_WARN_UNUSED_VARIABLE = YES;
				IPHONEOS_DEPLOYMENT_TARGET = 12.1;
				MTL_ENABLE_DEBUG_INFO = INCLUDE_SOURCE;
				MTL_FAST_MATH = YES;
				ONLY_ACTIVE_ARCH = YES;
				SDKROOT = iphoneos;
				SWIFT_ACTIVE_COMPILATION_CONDITIONS = DEBUG;
				SWIFT_OPTIMIZATION_LEVEL = "-Onone";
			};
			name = Debug;
		};
		E933018821C819230029F1A6 /* Release */ = {
			isa = XCBuildConfiguration;
			buildSettings = {
				ALWAYS_SEARCH_USER_PATHS = NO;
				CLANG_ANALYZER_NONNULL = YES;
				CLANG_ANALYZER_NUMBER_OBJECT_CONVERSION = YES_AGGRESSIVE;
				CLANG_CXX_LANGUAGE_STANDARD = "gnu++14";
				CLANG_CXX_LIBRARY = "libc++";
				CLANG_ENABLE_MODULES = YES;
				CLANG_ENABLE_OBJC_ARC = YES;
				CLANG_ENABLE_OBJC_WEAK = YES;
				CLANG_WARN_BLOCK_CAPTURE_AUTORELEASING = YES;
				CLANG_WARN_BOOL_CONVERSION = YES;
				CLANG_WARN_COMMA = YES;
				CLANG_WARN_CONSTANT_CONVERSION = YES;
				CLANG_WARN_DEPRECATED_OBJC_IMPLEMENTATIONS = YES;
				CLANG_WARN_DIRECT_OBJC_ISA_USAGE = YES_ERROR;
				CLANG_WARN_DOCUMENTATION_COMMENTS = YES;
				CLANG_WARN_EMPTY_BODY = YES;
				CLANG_WARN_ENUM_CONVERSION = YES;
				CLANG_WARN_INFINITE_RECURSION = YES;
				CLANG_WARN_INT_CONVERSION = YES;
				CLANG_WARN_NON_LITERAL_NULL_CONVERSION = YES;
				CLANG_WARN_OBJC_IMPLICIT_RETAIN_SELF = YES;
				CLANG_WARN_OBJC_LITERAL_CONVERSION = YES;
				CLANG_WARN_OBJC_ROOT_CLASS = YES_ERROR;
				CLANG_WARN_RANGE_LOOP_ANALYSIS = YES;
				CLANG_WARN_STRICT_PROTOTYPES = YES;
				CLANG_WARN_SUSPICIOUS_MOVE = YES;
				CLANG_WARN_UNGUARDED_AVAILABILITY = YES_AGGRESSIVE;
				CLANG_WARN_UNREACHABLE_CODE = YES;
				CLANG_WARN__DUPLICATE_METHOD_MATCH = YES;
				CODE_SIGN_IDENTITY = "iPhone Developer";
				COPY_PHASE_STRIP = NO;
				DEBUG_INFORMATION_FORMAT = "dwarf-with-dsym";
				ENABLE_NS_ASSERTIONS = NO;
				ENABLE_STRICT_OBJC_MSGSEND = YES;
				GCC_C_LANGUAGE_STANDARD = gnu11;
				GCC_NO_COMMON_BLOCKS = YES;
				GCC_WARN_64_TO_32_BIT_CONVERSION = YES;
				GCC_WARN_ABOUT_RETURN_TYPE = YES_ERROR;
				GCC_WARN_UNDECLARED_SELECTOR = YES;
				GCC_WARN_UNINITIALIZED_AUTOS = YES_AGGRESSIVE;
				GCC_WARN_UNUSED_FUNCTION = YES;
				GCC_WARN_UNUSED_VARIABLE = YES;
				IPHONEOS_DEPLOYMENT_TARGET = 12.1;
				MTL_ENABLE_DEBUG_INFO = NO;
				MTL_FAST_MATH = YES;
				SDKROOT = iphoneos;
				SWIFT_COMPILATION_MODE = wholemodule;
				SWIFT_OPTIMIZATION_LEVEL = "-O";
				VALIDATE_PRODUCT = YES;
			};
			name = Release;
		};
		E933018A21C819230029F1A6 /* Debug */ = {
			isa = XCBuildConfiguration;
			buildSettings = {
				ASSETCATALOG_COMPILER_APPICON_NAME = AppIcon;
				CODE_SIGN_STYLE = Automatic;
				DEVELOPMENT_TEAM = 2446Y3VTK6;
				INFOPLIST_FILE = "$(SRCROOT)/Resources/Info.plist";
				LD_RUNPATH_SEARCH_PATHS = (
					"$(inherited)",
					"@executable_path/Frameworks",
				);
				PRODUCT_BUNDLE_IDENTIFIER = com.jackknight.DeckofOneCard;
				PRODUCT_NAME = "$(TARGET_NAME)";
				SWIFT_VERSION = 4.2;
				TARGETED_DEVICE_FAMILY = "1,2";
			};
			name = Debug;
		};
		E933018B21C819230029F1A6 /* Release */ = {
			isa = XCBuildConfiguration;
			buildSettings = {
				ASSETCATALOG_COMPILER_APPICON_NAME = AppIcon;
				CODE_SIGN_STYLE = Automatic;
				DEVELOPMENT_TEAM = 2446Y3VTK6;
				INFOPLIST_FILE = "$(SRCROOT)/Resources/Info.plist";
				LD_RUNPATH_SEARCH_PATHS = (
					"$(inherited)",
					"@executable_path/Frameworks",
				);
				PRODUCT_BUNDLE_IDENTIFIER = com.jackknight.DeckofOneCard;
				PRODUCT_NAME = "$(TARGET_NAME)";
				SWIFT_VERSION = 4.2;
				TARGETED_DEVICE_FAMILY = "1,2";
			};
			name = Release;
		};
/* End XCBuildConfiguration section */

/* Begin XCConfigurationList section */
		E933017221C819200029F1A6 /* Build configuration list for PBXProject "DeckofOneCard" */ = {
			isa = XCConfigurationList;
			buildConfigurations = (
				E933018721C819230029F1A6 /* Debug */,
				E933018821C819230029F1A6 /* Release */,
			);
			defaultConfigurationIsVisible = 0;
			defaultConfigurationName = Release;
		};
		E933018921C819230029F1A6 /* Build configuration list for PBXNativeTarget "DeckofOneCard" */ = {
			isa = XCConfigurationList;
			buildConfigurations = (
				E933018A21C819230029F1A6 /* Debug */,
				E933018B21C819230029F1A6 /* Release */,
			);
			defaultConfigurationIsVisible = 0;
			defaultConfigurationName = Release;
		};
/* End XCConfigurationList section */
	};
	rootObject = E933016F21C819200029F1A6 /* Project object */;
}
